# THIS IS AN AUTOGENERATED FILE. DO NOT EDIT THIS FILE DIRECTLY.
# yarn lockfile v1


"@types/benchmark@^1.0.33":
  version "1.0.33"
  resolved "https://registry.yarnpkg.com/@types/benchmark/-/benchmark-1.0.33.tgz#437641cb977db0267b8146f963763aafd0f02fef"
  integrity sha512-rG7Ieasa9UfZJnL72qiFvY9ivhEIYjCGgfcLLb5tJ/EL9+Mcxernj6W3HVCv/cOfJYuwNUwvVVhnrKl8iT8aqA==

"@types/node@12":
  version "12.12.43"
  resolved "https://registry.yarnpkg.com/@types/node/-/node-12.12.43.tgz#b60ce047822e526e7a9252e50844eee79d5386ff"
  integrity sha512-KUyZdkGCnVPuXfsKmDUu2XLui65LZIJ2s0M57noy5e+ixUT2oK33ep7zlvgzI8LElcWqbf8AR+o/3GqAPac2zA==

benchmark@^2.1.4:
  version "2.1.4"
  resolved "https://registry.yarnpkg.com/benchmark/-/benchmark-2.1.4.tgz#09f3de31c916425d498cc2ee565a0ebf3c2a5629"
  integrity sha1-CfPeMckWQl1JjMLuVloOvzwqVik=
  dependencies:
    lodash "^4.17.4"
    platform "^1.3.3"

chainable-error@^1.0.0:
  version "1.0.1"
  resolved "https://registry.yarnpkg.com/chainable-error/-/chainable-error-1.0.1.tgz#bd073ee0184e86ed85993eedf6975efe380c8e70"
  integrity sha512-vfKStDqOD1HeCCGrUyBVDg7sptuHjOwXG0e3CJQka/OyfYIEGaBCxYV+c9EqqZFVVnpOyrXiApM4m0feVPCcig==

insert-filecontent-into-markdown@^2.0.0:
  version "2.0.0"
  resolved "https://registry.yarnpkg.com/insert-filecontent-into-markdown/-/insert-filecontent-into-markdown-2.0.0.tgz#69cb91e4bd9763ab4925d65f78df577b9c03fb60"
  integrity sha512-gOjQUtav9FS/Eh2YhutEEcUQzaMI7X4VcrxQ6+XNVx0yJVxlkSctjK9NUYQ/OnhALQoGjtPscEw5whitMLLJUw==
  dependencies:
    chainable-error "^1.0.0"
    minimist "^1.2.0"

lodash@^4.17.4:
  version "4.17.15"
  resolved "https://registry.yarnpkg.com/lodash/-/lodash-4.17.15.tgz#b447f6670a0455bbfeedd11392eff330ea097548"
  integrity sha512-8xOcRHvCjnocdS5cpwXQXVzmmh5e5+saE2QGoeQmbKmRS6J3VQppPOIt0MnmE+4xlZoumy0GPG0D0MVIQbNA1A==

minimist@^1.2.0:
  version "1.2.5"
  resolved "https://registry.yarnpkg.com/minimist/-/minimist-1.2.5.tgz#67d66014b66a6a8aaa0c083c5fd58df4e4e97602"
  integrity sha512-FM9nNUYrRBAELZQT3xeZQ7fmMOBg6nWNmJKTcgsJeaLstP/UODVpGsr5OhXhhXg6f+qtJ8uiZ+PUxkDWcgIXLw==

platform@^1.3.3:
  version "1.3.5"
  resolved "https://registry.yarnpkg.com/platform/-/platform-1.3.5.tgz#fb6958c696e07e2918d2eeda0f0bc9448d733444"
  integrity sha512-TuvHS8AOIZNAlE77WUDiR4rySV/VMptyMfcfeoMgs4P8apaZM3JrnbzBiixKUv+XR6i+BXrQh8WAnjaSPFO65Q==

replace-printer@^1.1.1:
  version "1.1.1"
  resolved "https://registry.yarnpkg.com/replace-printer/-/replace-printer-1.1.1.tgz#b1cd363a548f8782164ad76ccee9233c1750bd47"
  integrity sha512-hp6hl8yyelOeUOBMGpO06QRIwjtAFbNL9fx+H11Y/eAr8U9IrGBeZ5OWQs6lZ1W5Dx0DkiLEuOrPKMqVHiKrug==

typescript@^4.0.2:
  version "4.0.2"
  resolved "https://registry.yarnpkg.com/typescript/-/typescript-4.0.2.tgz#7ea7c88777c723c681e33bf7988be5d008d05ac2"
  integrity sha512-e4ERvRV2wb+rRZ/IQeb3jm2VxBsirQLpQhdxplZ2MEzGvDkkMmPglecnNDfSUBivMjP93vRbngYYDQqQ/78bcQ==
