# THIS IS AN AUTOGENERATED FILE. DO NOT EDIT THIS FILE DIRECTLY.
# yarn lockfile v1


"@types/node@12":
  version "12.12.43"
  resolved "https://registry.yarnpkg.com/@types/node/-/node-12.12.43.tgz#b60ce047822e526e7a9252e50844eee79d5386ff"
  integrity sha512-KUyZdkGCnVPuXfsKmDUu2XLui65LZIJ2s0M57noy5e+ixUT2oK33ep7zlvgzI8LElcWqbf8AR+o/3GqAPac2zA==

typescript@^3.9.3:
  version "3.9.3"
  resolved "https://registry.yarnpkg.com/typescript/-/typescript-3.9.3.tgz#d3ac8883a97c26139e42df5e93eeece33d610b8a"
  integrity sha512-D/wqnB2xzNFIcoBG9FG8cXRDjiqSTbG2wd8DMZeQyJlP1vfTkIxH4GKveWaEBYySKIg+USu+E+EDIR47SqnaMQ==
