# THIS IS AN AUTOGENERATED FILE. DO NOT EDIT THIS FILE DIRECTLY.
# yarn lockfile v1


"@types/benchmark@^1.0.33":
  version "1.0.33"
  resolved "https://registry.yarnpkg.com/@types/benchmark/-/benchmark-1.0.33.tgz#437641cb977db0267b8146f963763aafd0f02fef"
  integrity sha512-rG7Ieasa9UfZJnL72qiFvY9ivhEIYjCGgfcLLb5tJ/EL9+Mcxernj6W3HVCv/cOfJYuwNUwvVVhnrKl8iT8aqA==

"@types/node@12":
  version "12.12.62"
  resolved "https://registry.yarnpkg.com/@types/node/-/node-12.12.62.tgz#733923d73669188d35950253dd18a21570085d2b"
  integrity sha512-qAfo81CsD7yQIM9mVyh6B/U47li5g7cfpVQEDMfQeF8pSZVwzbhwU3crc0qG4DmpsebpJPR49AKOExQyJ05Cpg==

benchmark@^2.1.4:
  version "2.1.4"
  resolved "https://registry.yarnpkg.com/benchmark/-/benchmark-2.1.4.tgz#09f3de31c916425d498cc2ee565a0ebf3c2a5629"
  integrity sha1-CfPeMckWQl1JjMLuVloOvzwqVik=
  dependencies:
    lodash "^4.17.4"
    platform "^1.3.3"

chainable-error@^1.0.0:
  version "1.0.1"
  resolved "https://registry.yarnpkg.com/chainable-error/-/chainable-error-1.0.1.tgz#bd073ee0184e86ed85993eedf6975efe380c8e70"
  integrity sha512-vfKStDqOD1HeCCGrUyBVDg7sptuHjOwXG0e3CJQka/OyfYIEGaBCxYV+c9EqqZFVVnpOyrXiApM4m0feVPCcig==

insert-filecontent-into-markdown@^2.0.0:
  version "2.0.0"
  resolved "https://registry.yarnpkg.com/insert-filecontent-into-markdown/-/insert-filecontent-into-markdown-2.0.0.tgz#69cb91e4bd9763ab4925d65f78df577b9c03fb60"
  integrity sha512-gOjQUtav9FS/Eh2YhutEEcUQzaMI7X4VcrxQ6+XNVx0yJVxlkSctjK9NUYQ/OnhALQoGjtPscEw5whitMLLJUw==
  dependencies:
    chainable-error "^1.0.0"
    minimist "^1.2.0"

lodash@^4.17.4:
  version "4.17.20"
  resolved "https://registry.yarnpkg.com/lodash/-/lodash-4.17.20.tgz#b44a9b6297bcb698f1c51a3545a2b3b368d59c52"
  integrity sha512-PlhdFcillOINfeV7Ni6oF1TAEayyZBoZ8bcshTHqOYJYlrqzRK5hagpagky5o4HfCzzd1TRkXPMFq6cKk9rGmA==

minimist@^1.2.0:
  version "1.2.5"
  resolved "https://registry.yarnpkg.com/minimist/-/minimist-1.2.5.tgz#67d66014b66a6a8aaa0c083c5fd58df4e4e97602"
  integrity sha512-FM9nNUYrRBAELZQT3xeZQ7fmMOBg6nWNmJKTcgsJeaLstP/UODVpGsr5OhXhhXg6f+qtJ8uiZ+PUxkDWcgIXLw==

platform@^1.3.3:
  version "1.3.6"
  resolved "https://registry.yarnpkg.com/platform/-/platform-1.3.6.tgz#48b4ce983164b209c2d45a107adb31f473a6e7a7"
  integrity sha512-fnWVljUchTro6RiCFvCXBbNhJc2NijN7oIQxbwsyL0buWJPG85v81ehlHI9fXrJsMNgTofEoWIQeClKpgxFLrg==

replace-printer@^1.1.1:
  version "1.2.0"
  resolved "https://registry.yarnpkg.com/replace-printer/-/replace-printer-1.2.0.tgz#723245c5d7013a9261c1f8bf41af25679f0a49fc"
  integrity sha512-IjS2xc6QWhdxgfdg4m0uiyiBg2tSf7MvvwUB5Sg4rVexDx4zBq0Cs1xZ5y5yyFPyUBo4s40Q/wVm3ytzGPsmiA==

typescript@^4.0.2:
  version "4.0.3"
  resolved "https://registry.yarnpkg.com/typescript/-/typescript-4.0.3.tgz#153bbd468ef07725c1df9c77e8b453f8d36abba5"
  integrity sha512-tEu6DGxGgRJPb/mVPIZ48e69xCn2yRmCgYmDugAVwmJ6o+0u1RI18eO7E7WBTLYLaEVVOhwQmcdhQHweux/WPg==
